
Microsoft Visual Studio Solution File, Format Version 12.00
# Visual Studio Version 17
VisualStudioVersion = 17.13.35913.81
MinimumVisualStudioVersion = 10.0.40219.1
Project("{F2A71F9B-5D33-465A-A702-920D77279786}") = "TestMsGraphToEmails", "TestMsGraphToEmails\TestMsGraphToEmails.fsproj", "{DDCFA2A6-D35E-4658-97E8-5E8A95C1F447}"
EndProject
Project("{F2A71F9B-5D33-465A-A702-920D77279786}") = "PdfProcessing", "PdfProcessing\PdfProcessing.fsproj", "{5BC975B3-E15D-4DAC-BF84-5FE872DA4CDA}"
EndProject
Project("{F2A71F9B-5D33-465A-A702-920D77279786}") = "GNUCashAccess", "GNUCashAccess\GNUCashAccess.fsproj", "{D10E0B08-B983-4C2D-BF10-C06885EBC0C0}"
EndProject
Project("{F2A71F9B-5D33-465A-A702-920D77279786}") = "GoogleCalendarCRUD", "GoogleCalendarCRUD\GoogleCalendarCRUD.fsproj", "{62980507-679E-4619-90B9-C509E7F8421D}"
EndProject
Global
	GlobalSection(SolutionConfigurationPlatforms) = preSolution
		Debug|Any CPU = Debug|Any CPU
		Release|Any CPU = Release|Any CPU
	EndGlobalSection
	GlobalSection(ProjectConfigurationPlatforms) = postSolution
		{DDCFA2A6-D35E-4658-97E8-5E8A95C1F447}.Debug|Any CPU.ActiveCfg = Debug|Any CPU
		{DDCFA2A6-D35E-4658-97E8-5E8A95C1F447}.Debug|Any CPU.Build.0 = Debug|Any CPU
		{DDCFA2A6-D35E-4658-97E8-5E8A95C1F447}.Release|Any CPU.ActiveCfg = Release|Any CPU
		{DDCFA2A6-D35E-4658-97E8-5E8A95C1F447}.Release|Any CPU.Build.0 = Release|Any CPU
		{5BC975B3-E15D-4DAC-BF84-5FE872DA4CDA}.Debug|Any CPU.ActiveCfg = Debug|Any CPU
		{5BC975B3-E15D-4DAC-BF84-5FE872DA4CDA}.Debug|Any CPU.Build.0 = Debug|Any CPU
		{5BC975B3-E15D-4DAC-BF84-5FE872DA4CDA}.Release|Any CPU.ActiveCfg = Release|Any CPU
		{5BC975B3-E15D-4DAC-BF84-5FE872DA4CDA}.Release|Any CPU.Build.0 = Release|Any CPU
		{D10E0B08-B983-4C2D-BF10-C06885EBC0C0}.Debug|Any CPU.ActiveCfg = Debug|Any CPU
		{D10E0B08-B983-4C2D-BF10-C06885EBC0C0}.Debug|Any CPU.Build.0 = Debug|Any CPU
		{D10E0B08-B983-4C2D-BF10-C06885EBC0C0}.Release|Any CPU.ActiveCfg = Release|Any CPU
		{D10E0B08-B983-4C2D-BF10-C06885EBC0C0}.Release|Any CPU.Build.0 = Release|Any CPU
		{62980507-679E-4619-90B9-C509E7F8421D}.Debug|Any CPU.ActiveCfg = Debug|Any CPU
		{62980507-679E-4619-90B9-C509E7F8421D}.Debug|Any CPU.Build.0 = Debug|Any CPU
		{62980507-679E-4619-90B9-C509E7F8421D}.Release|Any CPU.ActiveCfg = Release|Any CPU
		{62980507-679E-4619-90B9-C509E7F8421D}.Release|Any CPU.Build.0 = Release|Any CPU
	EndGlobalSection
	GlobalSection(SolutionProperties) = preSolution
		HideSolutionNode = FALSE
	EndGlobalSection
	GlobalSection(ExtensibilityGlobals) = postSolution
		SolutionGuid = {AEEF5A34-BE74-4A30-B688-1B509EB32A9D}
	EndGlobalSection
EndGlobal
