
Microsoft Visual Studio Solution File, Format Version 12.00
# Visual Studio Version 17
VisualStudioVersion = 17.13.35913.81
MinimumVisualStudioVersion = 10.0.40219.1
Project("{F2A71F9B-5D33-465A-A702-920D77279786}") = "TestMsGraphToEmails", "TestMsGraphToEmails\TestMsGraphToEmails.fsproj", "{DDCFA2A6-D35E-4658-97E8-5E8A95C1F447}"
EndProject
Project("{F2A71F9B-5D33-465A-A702-920D77279786}") = "PdfProcessing", "PdfProcessing\PdfProcessing.fsproj", "{5BC975B3-E15D-4DAC-BF84-5FE872DA4CDA}"
EndProject
Project("{F2A71F9B-5D33-465A-A702-920D77279786}") = "GNUCashAccess", "GNUCashAccess\GNUCashAccess.fsproj", "{D10E0B08-B983-4C2D-BF10-C06885EBC0C0}"
EndProject
Project("{F2A71F9B-5D33-465A-A702-920D77279786}") = "GoogleCalendarCRUD", "GoogleCalendarCRUD\GoogleCalendarCRUD.fsproj", "{62980507-679E-4619-90B9-C509E7F8421D}"
EndProject
Project("{F2A71F9B-5D33-465A-A702-920D77279786}") = "MyDogsbody.Infrastructure", "MyDogsbody.Infrastructure\MyDogsbody.Infrastructure.fsproj", "{F2E85B92-B806-4018-8F59-3D7BC218FECC}"
EndProject
Project("{F2A71F9B-5D33-465A-A702-920D77279786}") = "MyDogsbody.Infrastructure.Types", "MyDogsbody.Infrastructure.Types\MyDogsbody.Infrastructure.Types.fsproj", "{B4845C05-C7FF-485B-9696-F89A8EDEEEE3}"
EndProject
Project("{F2A71F9B-5D33-465A-A702-920D77279786}") = "MyDogsbody.Builders", "MyDogsbody.Builders\MyDogsbody.Builders.fsproj", "{01BF0BC6-5FAF-4D30-9272-EDCBE954F89B}"
EndProject
Project("{F2A71F9B-5D33-465A-A702-920D77279786}") = "MyDogsbody.Exceptions", "MyDogsbody.Exceptions\MyDogsbody.Exceptions.fsproj", "{A490F06E-C71E-43ED-B235-193427873987}"
EndProject
Project("{F2A71F9B-5D33-465A-A702-920D77279786}") = "MyDogsbody.Exceptions.Types", "MyDogsbody.Exceptions.Types\MyDogsbody.Exceptions.Types.fsproj", "{348EB147-EDB4-B7D0-0CA2-D1F85F13D937}"
EndProject
Project("{F2A71F9B-5D33-465A-A702-920D77279786}") = "MyDogsbody.Logging", "MyDogsbody.Logging\MyDogsbody.Logging.fsproj", "{BA16B808-74D2-49E9-8D3A-66D81B7E9266}"
EndProject
Project("{F2A71F9B-5D33-465A-A702-920D77279786}") = "MyDogsbody.Logging.Types", "MyDogsbody.Logging.Types\MyDogsbody.Logging.Types.fsproj", "{167F27B6-84C9-48F9-91AF-4ADED6B653AA}"
EndProject
Global
	GlobalSection(SolutionConfigurationPlatforms) = preSolution
		Debug|Any CPU = Debug|Any CPU
		Release|Any CPU = Release|Any CPU
	EndGlobalSection
	GlobalSection(ProjectConfigurationPlatforms) = postSolution
		{DDCFA2A6-D35E-4658-97E8-5E8A95C1F447}.Debug|Any CPU.ActiveCfg = Debug|Any CPU
		{DDCFA2A6-D35E-4658-97E8-5E8A95C1F447}.Debug|Any CPU.Build.0 = Debug|Any CPU
		{DDCFA2A6-D35E-4658-97E8-5E8A95C1F447}.Release|Any CPU.ActiveCfg = Release|Any CPU
		{DDCFA2A6-D35E-4658-97E8-5E8A95C1F447}.Release|Any CPU.Build.0 = Release|Any CPU
		{5BC975B3-E15D-4DAC-BF84-5FE872DA4CDA}.Debug|Any CPU.ActiveCfg = Debug|Any CPU
		{5BC975B3-E15D-4DAC-BF84-5FE872DA4CDA}.Debug|Any CPU.Build.0 = Debug|Any CPU
		{5BC975B3-E15D-4DAC-BF84-5FE872DA4CDA}.Release|Any CPU.ActiveCfg = Release|Any CPU
		{5BC975B3-E15D-4DAC-BF84-5FE872DA4CDA}.Release|Any CPU.Build.0 = Release|Any CPU
		{D10E0B08-B983-4C2D-BF10-C06885EBC0C0}.Debug|Any CPU.ActiveCfg = Debug|Any CPU
		{D10E0B08-B983-4C2D-BF10-C06885EBC0C0}.Debug|Any CPU.Build.0 = Debug|Any CPU
		{D10E0B08-B983-4C2D-BF10-C06885EBC0C0}.Release|Any CPU.ActiveCfg = Release|Any CPU
		{D10E0B08-B983-4C2D-BF10-C06885EBC0C0}.Release|Any CPU.Build.0 = Release|Any CPU
		{62980507-679E-4619-90B9-C509E7F8421D}.Debug|Any CPU.ActiveCfg = Debug|Any CPU
		{62980507-679E-4619-90B9-C509E7F8421D}.Debug|Any CPU.Build.0 = Debug|Any CPU
		{62980507-679E-4619-90B9-C509E7F8421D}.Release|Any CPU.ActiveCfg = Release|Any CPU
		{62980507-679E-4619-90B9-C509E7F8421D}.Release|Any CPU.Build.0 = Release|Any CPU
		{F2E85B92-B806-4018-8F59-3D7BC218FECC}.Debug|Any CPU.ActiveCfg = Debug|Any CPU
		{F2E85B92-B806-4018-8F59-3D7BC218FECC}.Debug|Any CPU.Build.0 = Debug|Any CPU
		{F2E85B92-B806-4018-8F59-3D7BC218FECC}.Release|Any CPU.ActiveCfg = Release|Any CPU
		{F2E85B92-B806-4018-8F59-3D7BC218FECC}.Release|Any CPU.Build.0 = Release|Any CPU
		{B4845C05-C7FF-485B-9696-F89A8EDEEEE3}.Debug|Any CPU.ActiveCfg = Debug|Any CPU
		{B4845C05-C7FF-485B-9696-F89A8EDEEEE3}.Debug|Any CPU.Build.0 = Debug|Any CPU
		{B4845C05-C7FF-485B-9696-F89A8EDEEEE3}.Release|Any CPU.ActiveCfg = Release|Any CPU
		{B4845C05-C7FF-485B-9696-F89A8EDEEEE3}.Release|Any CPU.Build.0 = Release|Any CPU
		{01BF0BC6-5FAF-4D30-9272-EDCBE954F89B}.Debug|Any CPU.ActiveCfg = Debug|Any CPU
		{01BF0BC6-5FAF-4D30-9272-EDCBE954F89B}.Debug|Any CPU.Build.0 = Debug|Any CPU
		{01BF0BC6-5FAF-4D30-9272-EDCBE954F89B}.Release|Any CPU.ActiveCfg = Release|Any CPU
		{01BF0BC6-5FAF-4D30-9272-EDCBE954F89B}.Release|Any CPU.Build.0 = Release|Any CPU
		{A490F06E-C71E-43ED-B235-193427873987}.Debug|Any CPU.ActiveCfg = Debug|Any CPU
		{A490F06E-C71E-43ED-B235-193427873987}.Debug|Any CPU.Build.0 = Debug|Any CPU
		{A490F06E-C71E-43ED-B235-193427873987}.Release|Any CPU.ActiveCfg = Release|Any CPU
		{A490F06E-C71E-43ED-B235-193427873987}.Release|Any CPU.Build.0 = Release|Any CPU
		{348EB147-EDB4-B7D0-0CA2-D1F85F13D937}.Debug|Any CPU.ActiveCfg = Debug|Any CPU
		{348EB147-EDB4-B7D0-0CA2-D1F85F13D937}.Debug|Any CPU.Build.0 = Debug|Any CPU
		{348EB147-EDB4-B7D0-0CA2-D1F85F13D937}.Release|Any CPU.ActiveCfg = Release|Any CPU
		{348EB147-EDB4-B7D0-0CA2-D1F85F13D937}.Release|Any CPU.Build.0 = Release|Any CPU
		{BA16B808-74D2-49E9-8D3A-66D81B7E9266}.Debug|Any CPU.ActiveCfg = Debug|Any CPU
		{BA16B808-74D2-49E9-8D3A-66D81B7E9266}.Debug|Any CPU.Build.0 = Debug|Any CPU
		{BA16B808-74D2-49E9-8D3A-66D81B7E9266}.Release|Any CPU.ActiveCfg = Release|Any CPU
		{BA16B808-74D2-49E9-8D3A-66D81B7E9266}.Release|Any CPU.Build.0 = Release|Any CPU
		{167F27B6-84C9-48F9-91AF-4ADED6B653AA}.Debug|Any CPU.ActiveCfg = Debug|Any CPU
		{167F27B6-84C9-48F9-91AF-4ADED6B653AA}.Debug|Any CPU.Build.0 = Debug|Any CPU
		{167F27B6-84C9-48F9-91AF-4ADED6B653AA}.Release|Any CPU.ActiveCfg = Release|Any CPU
		{167F27B6-84C9-48F9-91AF-4ADED6B653AA}.Release|Any CPU.Build.0 = Release|Any CPU
	EndGlobalSection
	GlobalSection(SolutionProperties) = preSolution
		HideSolutionNode = FALSE
	EndGlobalSection
	GlobalSection(ExtensibilityGlobals) = postSolution
		SolutionGuid = {AEEF5A34-BE74-4A30-B688-1B509EB32A9D}
	EndGlobalSection
EndGlobal
